
Microsoft Visual Studio Solution File, Format Version 12.00
Project("{FAE04EC0-301F-11D3-BF4B-00C04F79EFBC}") = "QueuserAPC", "QueuserAPC\QueuserAPC.csproj", "{488B5127-1FC1-4555-A5DD-7E2754CA691B}"
EndProject
Project("{FAE04EC0-301F-11D3-BF4B-00C04F79EFBC}") = "QueuserAPC.Tests", "QueuserAPC.Tests\QueuserAPC.Tests.csproj", "{A120463B-3F66-451A-A023-034466BB0D92}"
EndProject
Global
	GlobalSection(SolutionConfigurationPlatforms) = preSolution
		Debug|Any CPU = Debug|Any CPU
		Debug|x64 = Debug|x64
		Debug|x86 = Debug|x86
		Release|Any CPU = Release|Any CPU
		Release|x64 = Release|x64
		Release|x86 = Release|x86
	EndGlobalSection
	GlobalSection(ProjectConfigurationPlatforms) = postSolution
		{488B5127-1FC1-4555-A5DD-7E2754CA691B}.Debug|Any CPU.ActiveCfg = Debug|Any CPU
		{488B5127-1FC1-4555-A5DD-7E2754CA691B}.Debug|Any CPU.Build.0 = Debug|Any CPU
		{488B5127-1FC1-4555-A5DD-7E2754CA691B}.Debug|x64.ActiveCfg = Debug|Any CPU
		{488B5127-1FC1-4555-A5DD-7E2754CA691B}.Debug|x64.Build.0 = Debug|Any CPU
		{488B5127-1FC1-4555-A5DD-7E2754CA691B}.Debug|x86.ActiveCfg = Debug|Any CPU
		{488B5127-1FC1-4555-A5DD-7E2754CA691B}.Debug|x86.Build.0 = Debug|Any CPU
		{488B5127-1FC1-4555-A5DD-7E2754CA691B}.Release|Any CPU.ActiveCfg = Release|Any CPU
		{488B5127-1FC1-4555-A5DD-7E2754CA691B}.Release|Any CPU.Build.0 = Release|Any CPU
		{488B5127-1FC1-4555-A5DD-7E2754CA691B}.Release|x64.ActiveCfg = Release|Any CPU
		{488B5127-1FC1-4555-A5DD-7E2754CA691B}.Release|x64.Build.0 = Release|Any CPU
		{488B5127-1FC1-4555-A5DD-7E2754CA691B}.Release|x86.ActiveCfg = Release|Any CPU
		{488B5127-1FC1-4555-A5DD-7E2754CA691B}.Release|x86.Build.0 = Release|Any CPU
		{A120463B-3F66-451A-A023-034466BB0D92}.Debug|Any CPU.ActiveCfg = Debug|Any CPU
		{A120463B-3F66-451A-A023-034466BB0D92}.Debug|Any CPU.Build.0 = Debug|Any CPU
		{A120463B-3F66-451A-A023-034466BB0D92}.Debug|x64.ActiveCfg = Debug|Any CPU
		{A120463B-3F66-451A-A023-034466BB0D92}.Debug|x64.Build.0 = Debug|Any CPU
		{A120463B-3F66-451A-A023-034466BB0D92}.Debug|x86.ActiveCfg = Debug|Any CPU
		{A120463B-3F66-451A-A023-034466BB0D92}.Debug|x86.Build.0 = Debug|Any CPU
		{A120463B-3F66-451A-A023-034466BB0D92}.Release|Any CPU.ActiveCfg = Release|Any CPU
		{A120463B-3F66-451A-A023-034466BB0D92}.Release|Any CPU.Build.0 = Release|Any CPU
		{A120463B-3F66-451A-A023-034466BB0D92}.Release|x64.ActiveCfg = Release|Any CPU
		{A120463B-3F66-451A-A023-034466BB0D92}.Release|x64.Build.0 = Release|Any CPU
		{A120463B-3F66-451A-A023-034466BB0D92}.Release|x86.ActiveCfg = Release|Any CPU
		{A120463B-3F66-451A-A023-034466BB0D92}.Release|x86.Build.0 = Release|Any CPU
	EndGlobalSection
	GlobalSection(SolutionProperties) = preSolution
		HideSolutionNode = FALSE
	EndGlobalSection
EndGlobal
